
Microsoft Visual Studio Solution File, Format Version 12.00
# Visual Studio 15
VisualStudioVersion = 15.0.27130.0
MinimumVisualStudioVersion = 10.0.40219.1
Project("{FAE04EC0-301F-11D3-BF4B-00C04F79EFBC}") = "StreamWork", "StreamWork\StreamWork.csproj", "{B7EEA462-109B-4D03-8D81-6C316BB28243}"
EndProject
Global
	GlobalSection(SolutionConfigurationPlatforms) = preSolution
		Debug|Any CPU = Debug|Any CPU
		Release|Any CPU = Release|Any CPU
	EndGlobalSection
	GlobalSection(ProjectConfigurationPlatforms) = postSolution
		{B7EEA462-109B-4D03-8D81-6C316BB28243}.Debug|Any CPU.ActiveCfg = Debug|Any CPU
		{B7EEA462-109B-4D03-8D81-6C316BB28243}.Debug|Any CPU.Build.0 = Debug|Any CPU
		{B7EEA462-109B-4D03-8D81-6C316BB28243}.Release|Any CPU.ActiveCfg = Release|Any CPU
		{B7EEA462-109B-4D03-8D81-6C316BB28243}.Release|Any CPU.Build.0 = Release|Any CPU
	EndGlobalSection
	GlobalSection(SolutionProperties) = preSolution
		HideSolutionNode = FALSE
	EndGlobalSection
	GlobalSection(ExtensibilityGlobals) = postSolution
		SolutionGuid = {9D8729E2-0623-4B0E-BA7D-43722474B7F9}
	EndGlobalSection
EndGlobal
